// !$*UTF8*$!
{
	archiveVersion = 1;
	classes = {
	};
	objectVersion = 55;
	objects = {

/* Begin PBXBuildFile section */
		0B188D1628BB14360088733A /* AppDelegate.swift in Sources */ = {isa = PBXBuildFile; fileRef = 0B188D1528BB14360088733A /* AppDelegate.swift */; };
		0B188D1828BB14360088733A /* SceneDelegate.swift in Sources */ = {isa = PBXBuildFile; fileRef = 0B188D1728BB14360088733A /* SceneDelegate.swift */; };
		0B188D1A28BB14360088733A /* ViewController.swift in Sources */ = {isa = PBXBuildFile; fileRef = 0B188D1928BB14360088733A /* ViewController.swift */; };
		0B188D1D28BB14360088733A /* Main.storyboard in Resources */ = {isa = PBXBuildFile; fileRef = 0B188D1B28BB14360088733A /* Main.storyboard */; };
		0B188D1F28BB14370088733A /* Assets.xcassets in Resources */ = {isa = PBXBuildFile; fileRef = 0B188D1E28BB14370088733A /* Assets.xcassets */; };
		0B188D2228BB14370088733A /* LaunchScreen.storyboard in Resources */ = {isa = PBXBuildFile; fileRef = 0B188D2028BB14370088733A /* LaunchScreen.storyboard */; };
		0B188D2C28BB14630088733A /* awa.png in Resources */ = {isa = PBXBuildFile; fileRef = 0B188D2A28BB14630088733A /* awa.png */; };
		0B188D2D28BB14630088733A /* suiheiki.png in Resources */ = {isa = PBXBuildFile; fileRef = 0B188D2B28BB14630088733A /* suiheiki.png */; };
		0B188D2F28BB15B90088733A /* GameViewController.swift in Sources */ = {isa = PBXBuildFile; fileRef = 0B188D2E28BB15B90088733A /* GameViewController.swift */; };
		0B188D3128BB15C90088733A /* ResultViewController.swift in Sources */ = {isa = PBXBuildFile; fileRef = 0B188D3028BB15C90088733A /* ResultViewController.swift */; };
/* End PBXBuildFile section */

/* Begin PBXFileReference section */
		0B188D1228BB14360088733A /* Acceleromator.app */ = {isa = PBXFileReference; explicitFileType = wrapper.application; includeInIndex = 0; path = Acceleromator.app; sourceTree = BUILT_PRODUCTS_DIR; };
		0B188D1528BB14360088733A /* AppDelegate.swift */ = {isa = PBXFileReference; lastKnownFileType = sourcecode.swift; path = AppDelegate.swift; sourceTree = "<group>"; };
		0B188D1728BB14360088733A /* SceneDelegate.swift */ = {isa = PBXFileReference; lastKnownFileType = sourcecode.swift; path = SceneDelegate.swift; sourceTree = "<group>"; };
		0B188D1928BB14360088733A /* ViewController.swift */ = {isa = PBXFileReference; lastKnownFileType = sourcecode.swift; path = ViewController.swift; sourceTree = "<group>"; };
		0B188D1C28BB14360088733A /* Base */ = {isa = PBXFileReference; lastKnownFileType = file.storyboard; name = Base; path = Base.lproj/Main.storyboard; sourceTree = "<group>"; };
		0B188D1E28BB14370088733A /* Assets.xcassets */ = {isa = PBXFileReference; lastKnownFileType = folder.assetcatalog; path = Assets.xcassets; sourceTree = "<group>"; };
		0B188D2128BB14370088733A /* Base */ = {isa = PBXFileReference; lastKnownFileType = file.storyboard; name = Base; path = Base.lproj/LaunchScreen.storyboard; sourceTree = "<group>"; };
		0B188D2328BB14370088733A /* Info.plist */ = {isa = PBXFileReference; lastKnownFileType = text.plist.xml; path = Info.plist; sourceTree = "<group>"; };
		0B188D2A28BB14630088733A /* awa.png */ = {isa = PBXFileReference; lastKnownFileType = image.png; path = awa.png; sourceTree = "<group>"; };
		0B188D2B28BB14630088733A /* suiheiki.png */ = {isa = PBXFileReference; lastKnownFileType = image.png; path = suiheiki.png; sourceTree = "<group>"; };
		0B188D2E28BB15B90088733A /* GameViewController.swift */ = {isa = PBXFileReference; lastKnownFileType = sourcecode.swift; path = GameViewController.swift; sourceTree = "<group>"; };
		0B188D3028BB15C90088733A /* ResultViewController.swift */ = {isa = PBXFileReference; lastKnownFileType = sourcecode.swift; path = ResultViewController.swift; sourceTree = "<group>"; };
/* End PBXFileReference section */

/* Begin PBXFrameworksBuildPhase section */
		0B188D0F28BB14360088733A /* Frameworks */ = {
			isa = PBXFrameworksBuildPhase;
			buildActionMask = 2147483647;
			files = (
			);
			runOnlyForDeploymentPostprocessing = 0;
		};
/* End PBXFrameworksBuildPhase section */

/* Begin PBXGroup section */
		0B188D0928BB14360088733A = {
			isa = PBXGroup;
			children = (
				0B188D1428BB14360088733A /* Acceleromator */,
				0B188D1328BB14360088733A /* Products */,
			);
			sourceTree = "<group>";
		};
		0B188D1328BB14360088733A /* Products */ = {
			isa = PBXGroup;
			children = (
				0B188D1228BB14360088733A /* Acceleromator.app */,
			);
			name = Products;
			sourceTree = "<group>";
		};
		0B188D1428BB14360088733A /* Acceleromator */ = {
			isa = PBXGroup;
			children = (
				0B188D2928BB14630088733A /* 13_Resource */,
				0B188D1528BB14360088733A /* AppDelegate.swift */,
				0B188D1728BB14360088733A /* SceneDelegate.swift */,
				0B188D1928BB14360088733A /* ViewController.swift */,
				0B188D1B28BB14360088733A /* Main.storyboard */,
				0B188D1E28BB14370088733A /* Assets.xcassets */,
				0B188D2028BB14370088733A /* LaunchScreen.storyboard */,
				0B188D2328BB14370088733A /* Info.plist */,
				0B188D2E28BB15B90088733A /* GameViewController.swift */,
				0B188D3028BB15C90088733A /* ResultViewController.swift */,
			);
			path = Acceleromator;
			sourceTree = "<group>";
		};
		0B188D2928BB14630088733A /* 13_Resource */ = {
			isa = PBXGroup;
			children = (
				0B188D2A28BB14630088733A /* awa.png */,
				0B188D2B28BB14630088733A /* suiheiki.png */,
			);
			path = 13_Resource;
			sourceTree = "<group>";
		};
/* End PBXGroup section */

/* Begin PBXNativeTarget section */
		0B188D1128BB14360088733A /* Acceleromator */ = {
			isa = PBXNativeTarget;
			buildConfigurationList = 0B188D2628BB14370088733A /* Build configuration list for PBXNativeTarget "Acceleromator" */;
			buildPhases = (
				0B188D0E28BB14360088733A /* Sources */,
				0B188D0F28BB14360088733A /* Frameworks */,
				0B188D1028BB14360088733A /* Resources */,
			);
			buildRules = (
			);
			dependencies = (
			);
			name = Acceleromator;
			productName = Acceleromator;
			productReference = 0B188D1228BB14360088733A /* Acceleromator.app */;
			productType = "com.apple.product-type.application";
		};
/* End PBXNativeTarget section */

/* Begin PBXProject section */
		0B188D0A28BB14360088733A /* Project object */ = {
			isa = PBXProject;
			attributes = {
				BuildIndependentTargetsInParallel = 1;
				LastSwiftUpdateCheck = 1340;
				LastUpgradeCheck = 1340;
				TargetAttributes = {
					0B188D1128BB14360088733A = {
						CreatedOnToolsVersion = 13.4.1;
					};
				};
			};
			buildConfigurationList = 0B188D0D28BB14360088733A /* Build configuration list for PBXProject "Acceleromator" */;
			compatibilityVersion = "Xcode 13.0";
			developmentRegion = en;
			hasScannedForEncodings = 0;
			knownRegions = (
				en,
				Base,
			);
			mainGroup = 0B188D0928BB14360088733A;
			productRefGroup = 0B188D1328BB14360088733A /* Products */;
			projectDirPath = "";
			projectRoot = "";
			targets = (
				0B188D1128BB14360088733A /* Acceleromator */,
			);
		};
/* End PBXProject section */

/* Begin PBXResourcesBuildPhase section */
		0B188D1028BB14360088733A /* Resources */ = {
			isa = PBXResourcesBuildPhase;
			buildActionMask = 2147483647;
			files = (
				0B188D2228BB14370088733A /* LaunchScreen.storyboard in Resources */,
				0B188D1F28BB14370088733A /* Assets.xcassets in Resources */,
				0B188D2D28BB14630088733A /* suiheiki.png in Resources */,
				0B188D1D28BB14360088733A /* Main.storyboard in Resources */,
				0B188D2C28BB14630088733A /* awa.png in Resources */,
			);
			runOnlyForDeploymentPostprocessing = 0;
		};
/* End PBXResourcesBuildPhase section */

/* Begin PBXSourcesBuildPhase section */
		0B188D0E28BB14360088733A /* Sources */ = {
			isa = PBXSourcesBuildPhase;
			buildActionMask = 2147483647;
			files = (
				0B188D3128BB15C90088733A /* ResultViewController.swift in Sources */,
				0B188D2F28BB15B90088733A /* GameViewController.swift in Sources */,
				0B188D1A28BB14360088733A /* ViewController.swift in Sources */,
				0B188D1628BB14360088733A /* AppDelegate.swift in Sources */,
				0B188D1828BB14360088733A /* SceneDelegate.swift in Sources */,
			);
			runOnlyForDeploymentPostprocessing = 0;
		};
/* End PBXSourcesBuildPhase section */

/* Begin PBXVariantGroup section */
		0B188D1B28BB14360088733A /* Main.storyboard */ = {
			isa = PBXVariantGroup;
			children = (
				0B188D1C28BB14360088733A /* Base */,
			);
			name = Main.storyboard;
			sourceTree = "<group>";
		};
		0B188D2028BB14370088733A /* LaunchScreen.storyboard */ = {
			isa = PBXVariantGroup;
			children = (
				0B188D2128BB14370088733A /* Base */,
			);
			name = LaunchScreen.storyboard;
			sourceTree = "<group>";
		};
/* End PBXVariantGroup section */

/* Begin XCBuildConfiguration section */
		0B188D2428BB14370088733A /* Debug */ = {
			isa = XCBuildConfiguration;
			buildSettings = {
				ALWAYS_SEARCH_USER_PATHS = NO;
				CLANG_ANALYZER_NONNULL = YES;
				CLANG_ANALYZER_NUMBER_OBJECT_CONVERSION = YES_AGGRESSIVE;
				CLANG_CXX_LANGUAGE_STANDARD = "gnu++17";
				CLANG_ENABLE_MODULES = YES;
				CLANG_ENABLE_OBJC_ARC = YES;
				CLANG_ENABLE_OBJC_WEAK = YES;
				CLANG_WARN_BLOCK_CAPTURE_AUTORELEASING = YES;
				CLANG_WARN_BOOL_CONVERSION = YES;
				CLANG_WARN_COMMA = YES;
				CLANG_WARN_CONSTANT_CONVERSION = YES;
				CLANG_WARN_DEPRECATED_OBJC_IMPLEMENTATIONS = YES;
				CLANG_WARN_DIRECT_OBJC_ISA_USAGE = YES_ERROR;
				CLANG_WARN_DOCUMENTATION_COMMENTS = YES;
				CLANG_WARN_EMPTY_BODY = YES;
				CLANG_WARN_ENUM_CONVERSION = YES;
				CLANG_WARN_INFINITE_RECURSION = YES;
				CLANG_WARN_INT_CONVERSION = YES;
				CLANG_WARN_NON_LITERAL_NULL_CONVERSION = YES;
				CLANG_WARN_OBJC_IMPLICIT_RETAIN_SELF = YES;
				CLANG_WARN_OBJC_LITERAL_CONVERSION = YES;
				CLANG_WARN_OBJC_ROOT_CLASS = YES_ERROR;
				CLANG_WARN_QUOTED_INCLUDE_IN_FRAMEWORK_HEADER = YES;
				CLANG_WARN_RANGE_LOOP_ANALYSIS = YES;
				CLANG_WARN_STRICT_PROTOTYPES = YES;
				CLANG_WARN_SUSPICIOUS_MOVE = YES;
				CLANG_WARN_UNGUARDED_AVAILABILITY = YES_AGGRESSIVE;
				CLANG_WARN_UNREACHABLE_CODE = YES;
				CLANG_WARN__DUPLICATE_METHOD_MATCH = YES;
				COPY_PHASE_STRIP = NO;
				DEBUG_INFORMATION_FORMAT = dwarf;
				ENABLE_STRICT_OBJC_MSGSEND = YES;
				ENABLE_TESTABILITY = YES;
				GCC_C_LANGUAGE_STANDARD = gnu11;
				GCC_DYNAMIC_NO_PIC = NO;
				GCC_NO_COMMON_BLOCKS = YES;
				GCC_OPTIMIZATION_LEVEL = 0;
				GCC_PREPROCESSOR_DEFINITIONS = (
					"DEBUG=1",
					"$(inherited)",
				);
				GCC_WARN_64_TO_32_BIT_CONVERSION = YES;
				GCC_WARN_ABOUT_RETURN_TYPE = YES_ERROR;
				GCC_WARN_UNDECLARED_SELECTOR = YES;
				GCC_WARN_UNINITIALIZED_AUTOS = YES_AGGRESSIVE;
				GCC_WARN_UNUSED_FUNCTION = YES;
				GCC_WARN_UNUSED_VARIABLE = YES;
				IPHONEOS_DEPLOYMENT_TARGET = 15.5;
				MTL_ENABLE_DEBUG_INFO = INCLUDE_SOURCE;
				MTL_FAST_MATH = YES;
				ONLY_ACTIVE_ARCH = YES;
				SDKROOT = iphoneos;
				SWIFT_ACTIVE_COMPILATION_CONDITIONS = DEBUG;
				SWIFT_OPTIMIZATION_LEVEL = "-Onone";
			};
			name = Debug;
		};
		0B188D2528BB14370088733A /* Release */ = {
			isa = XCBuildConfiguration;
			buildSettings = {
				ALWAYS_SEARCH_USER_PATHS = NO;
				CLANG_ANALYZER_NONNULL = YES;
				CLANG_ANALYZER_NUMBER_OBJECT_CONVERSION = YES_AGGRESSIVE;
				CLANG_CXX_LANGUAGE_STANDARD = "gnu++17";
				CLANG_ENABLE_MODULES = YES;
				CLANG_ENABLE_OBJC_ARC = YES;
				CLANG_ENABLE_OBJC_WEAK = YES;
				CLANG_WARN_BLOCK_CAPTURE_AUTORELEASING = YES;
				CLANG_WARN_BOOL_CONVERSION = YES;
				CLANG_WARN_COMMA = YES;
				CLANG_WARN_CONSTANT_CONVERSION = YES;
				CLANG_WARN_DEPRECATED_OBJC_IMPLEMENTATIONS = YES;
				CLANG_WARN_DIRECT_OBJC_ISA_USAGE = YES_ERROR;
				CLANG_WARN_DOCUMENTATION_COMMENTS = YES;
				CLANG_WARN_EMPTY_BODY = YES;
				CLANG_WARN_ENUM_CONVERSION = YES;
				CLANG_WARN_INFINITE_RECURSION = YES;
				CLANG_WARN_INT_CONVERSION = YES;
				CLANG_WARN_NON_LITERAL_NULL_CONVERSION = YES;
				CLANG_WARN_OBJC_IMPLICIT_RETAIN_SELF = YES;
				CLANG_WARN_OBJC_LITERAL_CONVERSION = YES;
				CLANG_WARN_OBJC_ROOT_CLASS = YES_ERROR;
				CLANG_WARN_QUOTED_INCLUDE_IN_FRAMEWORK_HEADER = YES;
				CLANG_WARN_RANGE_LOOP_ANALYSIS = YES;
				CLANG_WARN_STRICT_PROTOTYPES = YES;
				CLANG_WARN_SUSPICIOUS_MOVE = YES;
				CLANG_WARN_UNGUARDED_AVAILABILITY = YES_AGGRESSIVE;
				CLANG_WARN_UNREACHABLE_CODE = YES;
				CLANG_WARN__DUPLICATE_METHOD_MATCH = YES;
				COPY_PHASE_STRIP = NO;
				DEBUG_INFORMATION_FORMAT = "dwarf-with-dsym";
				ENABLE_NS_ASSERTIONS = NO;
				ENABLE_STRICT_OBJC_MSGSEND = YES;
				GCC_C_LANGUAGE_STANDARD = gnu11;
				GCC_NO_COMMON_BLOCKS = YES;
				GCC_WARN_64_TO_32_BIT_CONVERSION = YES;
				GCC_WARN_ABOUT_RETURN_TYPE = YES_ERROR;
				GCC_WARN_UNDECLARED_SELECTOR = YES;
				GCC_WARN_UNINITIALIZED_AUTOS = YES_AGGRESSIVE;
				GCC_WARN_UNUSED_FUNCTION = YES;
				GCC_WARN_UNUSED_VARIABLE = YES;
				IPHONEOS_DEPLOYMENT_TARGET = 15.5;
				MTL_ENABLE_DEBUG_INFO = NO;
				MTL_FAST_MATH = YES;
				SDKROOT = iphoneos;
				SWIFT_COMPILATION_MODE = wholemodule;
				SWIFT_OPTIMIZATION_LEVEL = "-O";
				VALIDATE_PRODUCT = YES;
			};
			name = Release;
		};
		0B188D2728BB14370088733A /* Debug */ = {
			isa = XCBuildConfiguration;
			buildSettings = {
				ASSETCATALOG_COMPILER_APPICON_NAME = AppIcon;
				ASSETCATALOG_COMPILER_GLOBAL_ACCENT_COLOR_NAME = AccentColor;
				CODE_SIGN_STYLE = Automatic;
				CURRENT_PROJECT_VERSION = 1;
				DEVELOPMENT_TEAM = DL2JL3SKFL;
				GENERATE_INFOPLIST_FILE = YES;
				INFOPLIST_FILE = Acceleromator/Info.plist;
				INFOPLIST_KEY_UIApplicationSupportsIndirectInputEvents = YES;
				INFOPLIST_KEY_UILaunchStoryboardName = LaunchScreen;
				INFOPLIST_KEY_UIMainStoryboardFile = Main;
				INFOPLIST_KEY_UISupportedInterfaceOrientations = UIInterfaceOrientationPortrait;
				INFOPLIST_KEY_UISupportedInterfaceOrientations_iPad = "UIInterfaceOrientationPortrait UIInterfaceOrientationPortraitUpsideDown UIInterfaceOrientationLandscapeLeft UIInterfaceOrientationLandscapeRight";
				INFOPLIST_KEY_UISupportedInterfaceOrientations_iPhone = "UIInterfaceOrientationPortrait UIInterfaceOrientationLandscapeLeft UIInterfaceOrientationLandscapeRight";
				LD_RUNPATH_SEARCH_PATHS = (
					"$(inherited)",
					"@executable_path/Frameworks",
				);
				MARKETING_VERSION = 1.0;
				PRODUCT_BUNDLE_IDENTIFIER = app.ishii.kanako.Acceleromator;
				PRODUCT_NAME = "$(TARGET_NAME)";
				SWIFT_EMIT_LOC_STRINGS = YES;
				SWIFT_VERSION = 5.0;
				TARGETED_DEVICE_FAMILY = "1,2";
			};
			name = Debug;
		};
		0B188D2828BB14370088733A /* Release */ = {
			isa = XCBuildConfiguration;
			buildSettings = {
				ASSETCATALOG_COMPILER_APPICON_NAME = AppIcon;
				ASSETCATALOG_COMPILER_GLOBAL_ACCENT_COLOR_NAME = AccentColor;
				CODE_SIGN_STYLE = Automatic;
				CURRENT_PROJECT_VERSION = 1;
				DEVELOPMENT_TEAM = DL2JL3SKFL;
				GENERATE_INFOPLIST_FILE = YES;
				INFOPLIST_FILE = Acceleromator/Info.plist;
				INFOPLIST_KEY_UIApplicationSupportsIndirectInputEvents = YES;
				INFOPLIST_KEY_UILaunchStoryboardName = LaunchScreen;
				INFOPLIST_KEY_UIMainStoryboardFile = Main;
				INFOPLIST_KEY_UISupportedInterfaceOrientations = UIInterfaceOrientationPortrait;
				INFOPLIST_KEY_UISupportedInterfaceOrientations_iPad = "UIInterfaceOrientationPortrait UIInterfaceOrientationPortraitUpsideDown UIInterfaceOrientationLandscapeLeft UIInterfaceOrientationLandscapeRight";
				INFOPLIST_KEY_UISupportedInterfaceOrientations_iPhone = "UIInterfaceOrientationPortrait UIInterfaceOrientationLandscapeLeft UIInterfaceOrientationLandscapeRight";
				LD_RUNPATH_SEARCH_PATHS = (
					"$(inherited)",
					"@executable_path/Frameworks",
				);
				MARKETING_VERSION = 1.0;
				PRODUCT_BUNDLE_IDENTIFIER = app.ishii.kanako.Acceleromator;
				PRODUCT_NAME = "$(TARGET_NAME)";
				SWIFT_EMIT_LOC_STRINGS = YES;
				SWIFT_VERSION = 5.0;
				TARGETED_DEVICE_FAMILY = "1,2";
			};
			name = Release;
		};
/* End XCBuildConfiguration section */

/* Begin XCConfigurationList section */
		0B188D0D28BB14360088733A /* Build configuration list for PBXProject "Acceleromator" */ = {
			isa = XCConfigurationList;
			buildConfigurations = (
				0B188D2428BB14370088733A /* Debug */,
				0B188D2528BB14370088733A /* Release */,
			);
			defaultConfigurationIsVisible = 0;
			defaultConfigurationName = Release;
		};
		0B188D2628BB14370088733A /* Build configuration list for PBXNativeTarget "Acceleromator" */ = {
			isa = XCConfigurationList;
			buildConfigurations = (
				0B188D2728BB14370088733A /* Debug */,
				0B188D2828BB14370088733A /* Release */,
			);
			defaultConfigurationIsVisible = 0;
			defaultConfigurationName = Release;
		};
/* End XCConfigurationList section */
	};
	rootObject = 0B188D0A28BB14360088733A /* Project object */;
}
